
Microsoft Visual Studio Solution File, Format Version 12.00
# Visual Studio Version 16
VisualStudioVersion = 16.0.31702.278
MinimumVisualStudioVersion = 10.0.40219.1
Project("{FAE04EC0-301F-11D3-BF4B-00C04F79EFBC}") = "Metotlar", "Metotlar\Metotlar.csproj", "{8552128E-FB21-40C3-9E60-48B3E18FEA47}"
EndProject
Global
	GlobalSection(SolutionConfigurationPlatforms) = preSolution
		Debug|Any CPU = Debug|Any CPU
		Release|Any CPU = Release|Any CPU
	EndGlobalSection
	GlobalSection(ProjectConfigurationPlatforms) = postSolution
		{8552128E-FB21-40C3-9E60-48B3E18FEA47}.Debug|Any CPU.ActiveCfg = Debug|Any CPU
		{8552128E-FB21-40C3-9E60-48B3E18FEA47}.Debug|Any CPU.Build.0 = Debug|Any CPU
		{8552128E-FB21-40C3-9E60-48B3E18FEA47}.Release|Any CPU.ActiveCfg = Release|Any CPU
		{8552128E-FB21-40C3-9E60-48B3E18FEA47}.Release|Any CPU.Build.0 = Release|Any CPU
	EndGlobalSection
	GlobalSection(SolutionProperties) = preSolution
		HideSolutionNode = FALSE
	EndGlobalSection
	GlobalSection(ExtensibilityGlobals) = postSolution
		SolutionGuid = {28833D1B-C61E-4CF7-A482-C82D3991FC1D}
	EndGlobalSection
EndGlobal
