
Microsoft Visual Studio Solution File, Format Version 12.00
# Visual Studio Version 16
VisualStudioVersion = 16.0.31702.278
MinimumVisualStudioVersion = 10.0.40219.1
Project("{FAE04EC0-301F-11D3-BF4B-00C04F79EFBC}") = "DöngüÖrnekleriDevamı", "DöngüÖrnekleriDevamı\DöngüÖrnekleriDevamı.csproj", "{E441246A-4A49-495C-A8B0-5C1BD1E44C57}"
EndProject
Global
	GlobalSection(SolutionConfigurationPlatforms) = preSolution
		Debug|Any CPU = Debug|Any CPU
		Release|Any CPU = Release|Any CPU
	EndGlobalSection
	GlobalSection(ProjectConfigurationPlatforms) = postSolution
		{E441246A-4A49-495C-A8B0-5C1BD1E44C57}.Debug|Any CPU.ActiveCfg = Debug|Any CPU
		{E441246A-4A49-495C-A8B0-5C1BD1E44C57}.Debug|Any CPU.Build.0 = Debug|Any CPU
		{E441246A-4A49-495C-A8B0-5C1BD1E44C57}.Release|Any CPU.ActiveCfg = Release|Any CPU
		{E441246A-4A49-495C-A8B0-5C1BD1E44C57}.Release|Any CPU.Build.0 = Release|Any CPU
	EndGlobalSection
	GlobalSection(SolutionProperties) = preSolution
		HideSolutionNode = FALSE
	EndGlobalSection
	GlobalSection(ExtensibilityGlobals) = postSolution
		SolutionGuid = {95731020-26A2-4908-A23A-25C272D7D490}
	EndGlobalSection
EndGlobal
