
Microsoft Visual Studio Solution File, Format Version 12.00
# Visual Studio Version 16
VisualStudioVersion = 16.0.31624.102
MinimumVisualStudioVersion = 10.0.40219.1
Project("{FAE04EC0-301F-11D3-BF4B-00C04F79EFBC}") = "veri_tipleri", "veri_tipleri\veri_tipleri.csproj", "{63CAD2AF-7404-47DF-8263-769DD80C6FD5}"
EndProject
Global
	GlobalSection(SolutionConfigurationPlatforms) = preSolution
		Debug|Any CPU = Debug|Any CPU
		Release|Any CPU = Release|Any CPU
	EndGlobalSection
	GlobalSection(ProjectConfigurationPlatforms) = postSolution
		{63CAD2AF-7404-47DF-8263-769DD80C6FD5}.Debug|Any CPU.ActiveCfg = Debug|Any CPU
		{63CAD2AF-7404-47DF-8263-769DD80C6FD5}.Debug|Any CPU.Build.0 = Debug|Any CPU
		{63CAD2AF-7404-47DF-8263-769DD80C6FD5}.Release|Any CPU.ActiveCfg = Release|Any CPU
		{63CAD2AF-7404-47DF-8263-769DD80C6FD5}.Release|Any CPU.Build.0 = Release|Any CPU
	EndGlobalSection
	GlobalSection(SolutionProperties) = preSolution
		HideSolutionNode = FALSE
	EndGlobalSection
	GlobalSection(ExtensibilityGlobals) = postSolution
		SolutionGuid = {7E2ACBB2-2229-4BD4-BC68-07D2A714DAD8}
	EndGlobalSection
EndGlobal
