
Microsoft Visual Studio Solution File, Format Version 11.00
# Visual Studio 2010
Project("{FAE04EC0-301F-11D3-BF4B-00C04F79EFBC}") = "proje53", "proje53\proje53.csproj", "{9B98C241-9FCC-45A4-8B66-64295255D50E}"
EndProject
Global
	GlobalSection(SolutionConfigurationPlatforms) = preSolution
		Debug|x86 = Debug|x86
		Release|x86 = Release|x86
	EndGlobalSection
	GlobalSection(ProjectConfigurationPlatforms) = postSolution
		{9B98C241-9FCC-45A4-8B66-64295255D50E}.Debug|x86.ActiveCfg = Debug|x86
		{9B98C241-9FCC-45A4-8B66-64295255D50E}.Debug|x86.Build.0 = Debug|x86
		{9B98C241-9FCC-45A4-8B66-64295255D50E}.Release|x86.ActiveCfg = Release|x86
		{9B98C241-9FCC-45A4-8B66-64295255D50E}.Release|x86.Build.0 = Release|x86
	EndGlobalSection
	GlobalSection(SolutionProperties) = preSolution
		HideSolutionNode = FALSE
	EndGlobalSection
EndGlobal
