
Microsoft Visual Studio Solution File, Format Version 12.00
# Blend for Visual Studio Version 16
VisualStudioVersion = 16.0.31702.278
MinimumVisualStudioVersion = 10.0.40219.1
Project("{FAE04EC0-301F-11D3-BF4B-00C04F79EFBC}") = "WPF_Denemeler01", "WPF_Denemeler01\WPF_Denemeler01.csproj", "{C2B64A16-2C99-4D52-8896-759CB9A38138}"
EndProject
Global
	GlobalSection(SolutionConfigurationPlatforms) = preSolution
		Debug|Any CPU = Debug|Any CPU
		Release|Any CPU = Release|Any CPU
	EndGlobalSection
	GlobalSection(ProjectConfigurationPlatforms) = postSolution
		{C2B64A16-2C99-4D52-8896-759CB9A38138}.Debug|Any CPU.ActiveCfg = Debug|Any CPU
		{C2B64A16-2C99-4D52-8896-759CB9A38138}.Debug|Any CPU.Build.0 = Debug|Any CPU
		{C2B64A16-2C99-4D52-8896-759CB9A38138}.Release|Any CPU.ActiveCfg = Release|Any CPU
		{C2B64A16-2C99-4D52-8896-759CB9A38138}.Release|Any CPU.Build.0 = Release|Any CPU
	EndGlobalSection
	GlobalSection(SolutionProperties) = preSolution
		HideSolutionNode = FALSE
	EndGlobalSection
	GlobalSection(ExtensibilityGlobals) = postSolution
		SolutionGuid = {3C12F366-CD3A-4A40-88C9-2BBF93189673}
	EndGlobalSection
EndGlobal
