
Microsoft Visual Studio Solution File, Format Version 11.00
# Visual Studio 2010
Project("{FAE04EC0-301F-11D3-BF4B-00C04F79EFBC}") = "Proje46", "Proje46\Proje46.csproj", "{F7C4B1ED-4324-4491-8C31-038C852C84CB}"
EndProject
Global
	GlobalSection(SolutionConfigurationPlatforms) = preSolution
		Debug|x86 = Debug|x86
		Release|x86 = Release|x86
	EndGlobalSection
	GlobalSection(ProjectConfigurationPlatforms) = postSolution
		{F7C4B1ED-4324-4491-8C31-038C852C84CB}.Debug|x86.ActiveCfg = Debug|x86
		{F7C4B1ED-4324-4491-8C31-038C852C84CB}.Debug|x86.Build.0 = Debug|x86
		{F7C4B1ED-4324-4491-8C31-038C852C84CB}.Release|x86.ActiveCfg = Release|x86
		{F7C4B1ED-4324-4491-8C31-038C852C84CB}.Release|x86.Build.0 = Release|x86
	EndGlobalSection
	GlobalSection(SolutionProperties) = preSolution
		HideSolutionNode = FALSE
	EndGlobalSection
EndGlobal
