
Microsoft Visual Studio Solution File, Format Version 12.00
# Visual Studio Version 16
VisualStudioVersion = 16.0.31729.503
MinimumVisualStudioVersion = 10.0.40219.1
Project("{FAE04EC0-301F-11D3-BF4B-00C04F79EFBC}") = "Proje24", "Proje24\Proje24.csproj", "{1750579B-6D29-4A11-8E7A-38DECF65FD09}"
EndProject
Global
	GlobalSection(SolutionConfigurationPlatforms) = preSolution
		Debug|Any CPU = Debug|Any CPU
		Release|Any CPU = Release|Any CPU
	EndGlobalSection
	GlobalSection(ProjectConfigurationPlatforms) = postSolution
		{1750579B-6D29-4A11-8E7A-38DECF65FD09}.Debug|Any CPU.ActiveCfg = Debug|Any CPU
		{1750579B-6D29-4A11-8E7A-38DECF65FD09}.Debug|Any CPU.Build.0 = Debug|Any CPU
		{1750579B-6D29-4A11-8E7A-38DECF65FD09}.Release|Any CPU.ActiveCfg = Release|Any CPU
		{1750579B-6D29-4A11-8E7A-38DECF65FD09}.Release|Any CPU.Build.0 = Release|Any CPU
	EndGlobalSection
	GlobalSection(SolutionProperties) = preSolution
		HideSolutionNode = FALSE
	EndGlobalSection
	GlobalSection(ExtensibilityGlobals) = postSolution
		SolutionGuid = {387318E8-CAFC-42C1-B8B3-A7BDA71BFB3C}
	EndGlobalSection
EndGlobal
