
Microsoft Visual Studio Solution File, Format Version 11.00
# Visual Studio 2010
Project("{FAE04EC0-301F-11D3-BF4B-00C04F79EFBC}") = "proje52", "proje52\proje52.csproj", "{122F18BF-9DA0-4C9D-A145-40BC598A0DF5}"
EndProject
Global
	GlobalSection(SolutionConfigurationPlatforms) = preSolution
		Debug|x86 = Debug|x86
		Release|x86 = Release|x86
	EndGlobalSection
	GlobalSection(ProjectConfigurationPlatforms) = postSolution
		{122F18BF-9DA0-4C9D-A145-40BC598A0DF5}.Debug|x86.ActiveCfg = Debug|x86
		{122F18BF-9DA0-4C9D-A145-40BC598A0DF5}.Debug|x86.Build.0 = Debug|x86
		{122F18BF-9DA0-4C9D-A145-40BC598A0DF5}.Release|x86.ActiveCfg = Release|x86
		{122F18BF-9DA0-4C9D-A145-40BC598A0DF5}.Release|x86.Build.0 = Release|x86
	EndGlobalSection
	GlobalSection(SolutionProperties) = preSolution
		HideSolutionNode = FALSE
	EndGlobalSection
EndGlobal
